
Microsoft Visual Studio Solution File, Format Version 12.00
Project("{2150E333-8FDC-42A3-9474-1A3956D46DE8}") = "src", "src", "{2D1AE180-D3C9-4413-BD09-EA1735B1097D}"
EndProject
Project("{2150E333-8FDC-42A3-9474-1A3956D46DE8}") = "tests", "tests", "{DFFBC4E9-1588-4AC0-B23A-DFCDC0FDF52B}"
EndProject
Project("{FAE04EC0-301F-11D3-BF4B-00C04F79EFBC}") = "EShop.DAL", "src\EShop.DAL\EShop.DAL.csproj", "{4299212A-2F5F-4B81-BB42-F9299B2F97C3}"
EndProject
Project("{FAE04EC0-301F-11D3-BF4B-00C04F79EFBC}") = "EShop.BLL", "src\EShop.BLL\EShop.BLL.csproj", "{72176A59-FCAC-4F4C-8411-065611AF4268}"
EndProject
Project("{FAE04EC0-301F-11D3-BF4B-00C04F79EFBC}") = "EShop.WebAPI", "src\EShop.WebAPI\EShop.WebAPI.csproj", "{6638744F-6CE8-4A0D-A1BB-75948ED2A55B}"
EndProject
Project("{FAE04EC0-301F-11D3-BF4B-00C04F79EFBC}") = "EShop.BLL.UnitTests", "tests\EShop.BLL.UnitTests\EShop.BLL.UnitTests.csproj", "{0F2FB4D6-3C95-414F-BCE4-7EBEE93ECD26}"
EndProject
Project("{FAE04EC0-301F-11D3-BF4B-00C04F79EFBC}") = "EShop.DAL.UnitTests", "tests\EShop.DAL.UnitTests\EShop.DAL.UnitTests.csproj", "{06F0D12A-EC24-4478-B891-91A468EA451A}"
EndProject
Project("{2150E333-8FDC-42A3-9474-1A3956D46DE8}") = "Solution Items", "Solution Items", "{39893C96-0947-428C-9282-F4C7E91C6357}"
	ProjectSection(SolutionItems) = preProject
		docker-compose.yml = docker-compose.yml
		.gitignore = .gitignore
		README.md = README.md
	EndProjectSection
EndProject
Global
	GlobalSection(SolutionConfigurationPlatforms) = preSolution
		Debug|Any CPU = Debug|Any CPU
		Release|Any CPU = Release|Any CPU
	EndGlobalSection
	GlobalSection(NestedProjects) = preSolution
		{4299212A-2F5F-4B81-BB42-F9299B2F97C3} = {2D1AE180-D3C9-4413-BD09-EA1735B1097D}
		{72176A59-FCAC-4F4C-8411-065611AF4268} = {2D1AE180-D3C9-4413-BD09-EA1735B1097D}
		{6638744F-6CE8-4A0D-A1BB-75948ED2A55B} = {2D1AE180-D3C9-4413-BD09-EA1735B1097D}
		{0F2FB4D6-3C95-414F-BCE4-7EBEE93ECD26} = {DFFBC4E9-1588-4AC0-B23A-DFCDC0FDF52B}
		{06F0D12A-EC24-4478-B891-91A468EA451A} = {DFFBC4E9-1588-4AC0-B23A-DFCDC0FDF52B}
	EndGlobalSection
	GlobalSection(ProjectConfigurationPlatforms) = postSolution
		{4299212A-2F5F-4B81-BB42-F9299B2F97C3}.Debug|Any CPU.ActiveCfg = Debug|Any CPU
		{4299212A-2F5F-4B81-BB42-F9299B2F97C3}.Debug|Any CPU.Build.0 = Debug|Any CPU
		{4299212A-2F5F-4B81-BB42-F9299B2F97C3}.Release|Any CPU.ActiveCfg = Release|Any CPU
		{4299212A-2F5F-4B81-BB42-F9299B2F97C3}.Release|Any CPU.Build.0 = Release|Any CPU
		{72176A59-FCAC-4F4C-8411-065611AF4268}.Debug|Any CPU.ActiveCfg = Debug|Any CPU
		{72176A59-FCAC-4F4C-8411-065611AF4268}.Debug|Any CPU.Build.0 = Debug|Any CPU
		{72176A59-FCAC-4F4C-8411-065611AF4268}.Release|Any CPU.ActiveCfg = Release|Any CPU
		{72176A59-FCAC-4F4C-8411-065611AF4268}.Release|Any CPU.Build.0 = Release|Any CPU
		{6638744F-6CE8-4A0D-A1BB-75948ED2A55B}.Debug|Any CPU.ActiveCfg = Debug|Any CPU
		{6638744F-6CE8-4A0D-A1BB-75948ED2A55B}.Debug|Any CPU.Build.0 = Debug|Any CPU
		{6638744F-6CE8-4A0D-A1BB-75948ED2A55B}.Release|Any CPU.ActiveCfg = Release|Any CPU
		{6638744F-6CE8-4A0D-A1BB-75948ED2A55B}.Release|Any CPU.Build.0 = Release|Any CPU
		{0F2FB4D6-3C95-414F-BCE4-7EBEE93ECD26}.Debug|Any CPU.ActiveCfg = Debug|Any CPU
		{0F2FB4D6-3C95-414F-BCE4-7EBEE93ECD26}.Debug|Any CPU.Build.0 = Debug|Any CPU
		{0F2FB4D6-3C95-414F-BCE4-7EBEE93ECD26}.Release|Any CPU.ActiveCfg = Release|Any CPU
		{0F2FB4D6-3C95-414F-BCE4-7EBEE93ECD26}.Release|Any CPU.Build.0 = Release|Any CPU
		{06F0D12A-EC24-4478-B891-91A468EA451A}.Debug|Any CPU.ActiveCfg = Debug|Any CPU
		{06F0D12A-EC24-4478-B891-91A468EA451A}.Debug|Any CPU.Build.0 = Debug|Any CPU
		{06F0D12A-EC24-4478-B891-91A468EA451A}.Release|Any CPU.ActiveCfg = Release|Any CPU
		{06F0D12A-EC24-4478-B891-91A468EA451A}.Release|Any CPU.Build.0 = Release|Any CPU
	EndGlobalSection
EndGlobal
